Microsoft Visual Studio Solution File, Format Version 12.00
# Visual Studio 15
Project("{2150E333-8FDC-42A3-9474-1A3956D46DE8}") = "CMakePredefinedTargets", "CMakePredefinedTargets", "{628D5F64-07CE-3B94-A287-5E7FB56D2490}"
EndProject
Project("{2150E333-8FDC-42A3-9474-1A3956D46DE8}") = "GLFW3", "GLFW3", "{0A683143-73F8-36C0-B0CA-5BB10D7F40E3}"
EndProject
Project("{8BC9CEB8-8B4A-11D0-8D11-00A0C91BC942}") = "ALL_BUILD", "ALL_BUILD.vcxproj", "{1E4E32EE-4ABB-3468-BA4F-CFC27D8E62F7}"
	ProjectSection(ProjectDependencies) = postProject
		{97B4595F-DDD0-3BA7-A922-00CFFEF477F1} = {97B4595F-DDD0-3BA7-A922-00CFFEF477F1}
		{11CECD7D-0403-3D4E-BA04-C9481D000C85} = {11CECD7D-0403-3D4E-BA04-C9481D000C85}
		{03E81727-7C63-3228-99F9-C3B6E1ABA286} = {03E81727-7C63-3228-99F9-C3B6E1ABA286}
		{4E1B8842-C7BC-3505-9BF9-161AAD41B499} = {4E1B8842-C7BC-3505-9BF9-161AAD41B499}
		{BB5CFFA6-2C3B-3D8E-8083-265A1AD575D8} = {BB5CFFA6-2C3B-3D8E-8083-265A1AD575D8}
	EndProjectSection
EndProject
Project("{8BC9CEB8-8B4A-11D0-8D11-00A0C91BC942}") = "INSTALL", "INSTALL.vcxproj", "{953F34C4-EE34-323E-A85E-CB832067C30B}"
	ProjectSection(ProjectDependencies) = postProject
		{1E4E32EE-4ABB-3468-BA4F-CFC27D8E62F7} = {1E4E32EE-4ABB-3468-BA4F-CFC27D8E62F7}
		{97B4595F-DDD0-3BA7-A922-00CFFEF477F1} = {97B4595F-DDD0-3BA7-A922-00CFFEF477F1}
	EndProjectSection
EndProject
Project("{8BC9CEB8-8B4A-11D0-8D11-00A0C91BC942}") = "PACKAGE", "PACKAGE.vcxproj", "{F6170DBD-4E76-3493-8CE4-B7E959C015C0}"
	ProjectSection(ProjectDependencies) = postProject
		{1E4E32EE-4ABB-3468-BA4F-CFC27D8E62F7} = {1E4E32EE-4ABB-3468-BA4F-CFC27D8E62F7}
		{97B4595F-DDD0-3BA7-A922-00CFFEF477F1} = {97B4595F-DDD0-3BA7-A922-00CFFEF477F1}
	EndProjectSection
EndProject
Project("{8BC9CEB8-8B4A-11D0-8D11-00A0C91BC942}") = "ZERO_CHECK", "ZERO_CHECK.vcxproj", "{97B4595F-DDD0-3BA7-A922-00CFFEF477F1}"
	ProjectSection(ProjectDependencies) = postProject
	EndProjectSection
EndProject
Project("{8BC9CEB8-8B4A-11D0-8D11-00A0C91BC942}") = "glfw", "_deps\raylib-build\src\external\glfw\src\glfw.vcxproj", "{11CECD7D-0403-3D4E-BA04-C9481D000C85}"
	ProjectSection(ProjectDependencies) = postProject
		{97B4595F-DDD0-3BA7-A922-00CFFEF477F1} = {97B4595F-DDD0-3BA7-A922-00CFFEF477F1}
		{03E81727-7C63-3228-99F9-C3B6E1ABA286} = {03E81727-7C63-3228-99F9-C3B6E1ABA286}
	EndProjectSection
EndProject
Project("{8BC9CEB8-8B4A-11D0-8D11-00A0C91BC942}") = "glfw_objlib", "_deps\raylib-build\src\external\glfw\src\glfw_objlib.vcxproj", "{03E81727-7C63-3228-99F9-C3B6E1ABA286}"
	ProjectSection(ProjectDependencies) = postProject
		{97B4595F-DDD0-3BA7-A922-00CFFEF477F1} = {97B4595F-DDD0-3BA7-A922-00CFFEF477F1}
	EndProjectSection
EndProject
Project("{8BC9CEB8-8B4A-11D0-8D11-00A0C91BC942}") = "raylib-lua-sol", "bin\raylib-lua-sol.vcxproj", "{4E1B8842-C7BC-3505-9BF9-161AAD41B499}"
	ProjectSection(ProjectDependencies) = postProject
		{97B4595F-DDD0-3BA7-A922-00CFFEF477F1} = {97B4595F-DDD0-3BA7-A922-00CFFEF477F1}
		{11CECD7D-0403-3D4E-BA04-C9481D000C85} = {11CECD7D-0403-3D4E-BA04-C9481D000C85}
		{BB5CFFA6-2C3B-3D8E-8083-265A1AD575D8} = {BB5CFFA6-2C3B-3D8E-8083-265A1AD575D8}
	EndProjectSection
EndProject
Project("{8BC9CEB8-8B4A-11D0-8D11-00A0C91BC942}") = "raylib_static", "_deps\raylib-build\src\raylib_static.vcxproj", "{BB5CFFA6-2C3B-3D8E-8083-265A1AD575D8}"
	ProjectSection(ProjectDependencies) = postProject
		{97B4595F-DDD0-3BA7-A922-00CFFEF477F1} = {97B4595F-DDD0-3BA7-A922-00CFFEF477F1}
		{11CECD7D-0403-3D4E-BA04-C9481D000C85} = {11CECD7D-0403-3D4E-BA04-C9481D000C85}
		{03E81727-7C63-3228-99F9-C3B6E1ABA286} = {03E81727-7C63-3228-99F9-C3B6E1ABA286}
	EndProjectSection
EndProject
Global
	GlobalSection(SolutionConfigurationPlatforms) = preSolution
		Debug|Win32 = Debug|Win32
		Release|Win32 = Release|Win32
		MinSizeRel|Win32 = MinSizeRel|Win32
		RelWithDebInfo|Win32 = RelWithDebInfo|Win32
	EndGlobalSection
	GlobalSection(ProjectConfigurationPlatforms) = postSolution
		{1E4E32EE-4ABB-3468-BA4F-CFC27D8E62F7}.Debug|Win32.ActiveCfg = Debug|Win32
		{1E4E32EE-4ABB-3468-BA4F-CFC27D8E62F7}.Debug|Win32.Build.0 = Debug|Win32
		{1E4E32EE-4ABB-3468-BA4F-CFC27D8E62F7}.Release|Win32.ActiveCfg = Release|Win32
		{1E4E32EE-4ABB-3468-BA4F-CFC27D8E62F7}.Release|Win32.Build.0 = Release|Win32
		{1E4E32EE-4ABB-3468-BA4F-CFC27D8E62F7}.MinSizeRel|Win32.ActiveCfg = MinSizeRel|Win32
		{1E4E32EE-4ABB-3468-BA4F-CFC27D8E62F7}.MinSizeRel|Win32.Build.0 = MinSizeRel|Win32
		{1E4E32EE-4ABB-3468-BA4F-CFC27D8E62F7}.RelWithDebInfo|Win32.ActiveCfg = RelWithDebInfo|Win32
		{1E4E32EE-4ABB-3468-BA4F-CFC27D8E62F7}.RelWithDebInfo|Win32.Build.0 = RelWithDebInfo|Win32
		{953F34C4-EE34-323E-A85E-CB832067C30B}.Debug|Win32.ActiveCfg = Debug|Win32
		{953F34C4-EE34-323E-A85E-CB832067C30B}.Release|Win32.ActiveCfg = Release|Win32
		{953F34C4-EE34-323E-A85E-CB832067C30B}.MinSizeRel|Win32.ActiveCfg = MinSizeRel|Win32
		{953F34C4-EE34-323E-A85E-CB832067C30B}.RelWithDebInfo|Win32.ActiveCfg = RelWithDebInfo|Win32
		{F6170DBD-4E76-3493-8CE4-B7E959C015C0}.Debug|Win32.ActiveCfg = Debug|Win32
		{F6170DBD-4E76-3493-8CE4-B7E959C015C0}.Release|Win32.ActiveCfg = Release|Win32
		{F6170DBD-4E76-3493-8CE4-B7E959C015C0}.MinSizeRel|Win32.ActiveCfg = MinSizeRel|Win32
		{F6170DBD-4E76-3493-8CE4-B7E959C015C0}.RelWithDebInfo|Win32.ActiveCfg = RelWithDebInfo|Win32
		{97B4595F-DDD0-3BA7-A922-00CFFEF477F1}.Debug|Win32.ActiveCfg = Debug|Win32
		{97B4595F-DDD0-3BA7-A922-00CFFEF477F1}.Debug|Win32.Build.0 = Debug|Win32
		{97B4595F-DDD0-3BA7-A922-00CFFEF477F1}.Release|Win32.ActiveCfg = Release|Win32
		{97B4595F-DDD0-3BA7-A922-00CFFEF477F1}.Release|Win32.Build.0 = Release|Win32
		{97B4595F-DDD0-3BA7-A922-00CFFEF477F1}.MinSizeRel|Win32.ActiveCfg = MinSizeRel|Win32
		{97B4595F-DDD0-3BA7-A922-00CFFEF477F1}.MinSizeRel|Win32.Build.0 = MinSizeRel|Win32
		{97B4595F-DDD0-3BA7-A922-00CFFEF477F1}.RelWithDebInfo|Win32.ActiveCfg = RelWithDebInfo|Win32
		{97B4595F-DDD0-3BA7-A922-00CFFEF477F1}.RelWithDebInfo|Win32.Build.0 = RelWithDebInfo|Win32
		{11CECD7D-0403-3D4E-BA04-C9481D000C85}.Debug|Win32.ActiveCfg = Debug|Win32
		{11CECD7D-0403-3D4E-BA04-C9481D000C85}.Debug|Win32.Build.0 = Debug|Win32
		{11CECD7D-0403-3D4E-BA04-C9481D000C85}.Release|Win32.ActiveCfg = Release|Win32
		{11CECD7D-0403-3D4E-BA04-C9481D000C85}.Release|Win32.Build.0 = Release|Win32
		{11CECD7D-0403-3D4E-BA04-C9481D000C85}.MinSizeRel|Win32.ActiveCfg = MinSizeRel|Win32
		{11CECD7D-0403-3D4E-BA04-C9481D000C85}.MinSizeRel|Win32.Build.0 = MinSizeRel|Win32
		{11CECD7D-0403-3D4E-BA04-C9481D000C85}.RelWithDebInfo|Win32.ActiveCfg = RelWithDebInfo|Win32
		{11CECD7D-0403-3D4E-BA04-C9481D000C85}.RelWithDebInfo|Win32.Build.0 = RelWithDebInfo|Win32
		{03E81727-7C63-3228-99F9-C3B6E1ABA286}.Debug|Win32.ActiveCfg = Debug|Win32
		{03E81727-7C63-3228-99F9-C3B6E1ABA286}.Debug|Win32.Build.0 = Debug|Win32
		{03E81727-7C63-3228-99F9-C3B6E1ABA286}.Release|Win32.ActiveCfg = Release|Win32
		{03E81727-7C63-3228-99F9-C3B6E1ABA286}.Release|Win32.Build.0 = Release|Win32
		{03E81727-7C63-3228-99F9-C3B6E1ABA286}.MinSizeRel|Win32.ActiveCfg = MinSizeRel|Win32
		{03E81727-7C63-3228-99F9-C3B6E1ABA286}.MinSizeRel|Win32.Build.0 = MinSizeRel|Win32
		{03E81727-7C63-3228-99F9-C3B6E1ABA286}.RelWithDebInfo|Win32.ActiveCfg = RelWithDebInfo|Win32
		{03E81727-7C63-3228-99F9-C3B6E1ABA286}.RelWithDebInfo|Win32.Build.0 = RelWithDebInfo|Win32
		{4E1B8842-C7BC-3505-9BF9-161AAD41B499}.Debug|Win32.ActiveCfg = Debug|Win32
		{4E1B8842-C7BC-3505-9BF9-161AAD41B499}.Debug|Win32.Build.0 = Debug|Win32
		{4E1B8842-C7BC-3505-9BF9-161AAD41B499}.Release|Win32.ActiveCfg = Release|Win32
		{4E1B8842-C7BC-3505-9BF9-161AAD41B499}.Release|Win32.Build.0 = Release|Win32
		{4E1B8842-C7BC-3505-9BF9-161AAD41B499}.MinSizeRel|Win32.ActiveCfg = MinSizeRel|Win32
		{4E1B8842-C7BC-3505-9BF9-161AAD41B499}.MinSizeRel|Win32.Build.0 = MinSizeRel|Win32
		{4E1B8842-C7BC-3505-9BF9-161AAD41B499}.RelWithDebInfo|Win32.ActiveCfg = RelWithDebInfo|Win32
		{4E1B8842-C7BC-3505-9BF9-161AAD41B499}.RelWithDebInfo|Win32.Build.0 = RelWithDebInfo|Win32
		{BB5CFFA6-2C3B-3D8E-8083-265A1AD575D8}.Debug|Win32.ActiveCfg = Debug|Win32
		{BB5CFFA6-2C3B-3D8E-8083-265A1AD575D8}.Debug|Win32.Build.0 = Debug|Win32
		{BB5CFFA6-2C3B-3D8E-8083-265A1AD575D8}.Release|Win32.ActiveCfg = Release|Win32
		{BB5CFFA6-2C3B-3D8E-8083-265A1AD575D8}.Release|Win32.Build.0 = Release|Win32
		{BB5CFFA6-2C3B-3D8E-8083-265A1AD575D8}.MinSizeRel|Win32.ActiveCfg = MinSizeRel|Win32
		{BB5CFFA6-2C3B-3D8E-8083-265A1AD575D8}.MinSizeRel|Win32.Build.0 = MinSizeRel|Win32
		{BB5CFFA6-2C3B-3D8E-8083-265A1AD575D8}.RelWithDebInfo|Win32.ActiveCfg = RelWithDebInfo|Win32
		{BB5CFFA6-2C3B-3D8E-8083-265A1AD575D8}.RelWithDebInfo|Win32.Build.0 = RelWithDebInfo|Win32
	EndGlobalSection
	GlobalSection(NestedProjects) = preSolution
		{1E4E32EE-4ABB-3468-BA4F-CFC27D8E62F7} = {628D5F64-07CE-3B94-A287-5E7FB56D2490}
		{953F34C4-EE34-323E-A85E-CB832067C30B} = {628D5F64-07CE-3B94-A287-5E7FB56D2490}
		{F6170DBD-4E76-3493-8CE4-B7E959C015C0} = {628D5F64-07CE-3B94-A287-5E7FB56D2490}
		{97B4595F-DDD0-3BA7-A922-00CFFEF477F1} = {628D5F64-07CE-3B94-A287-5E7FB56D2490}
		{11CECD7D-0403-3D4E-BA04-C9481D000C85} = {0A683143-73F8-36C0-B0CA-5BB10D7F40E3}
	EndGlobalSection
	GlobalSection(ExtensibilityGlobals) = postSolution
		SolutionGuid = {3B2011D6-1EA1-38FE-9A1F-E84A5717E4BA}
	EndGlobalSection
	GlobalSection(ExtensibilityAddIns) = postSolution
	EndGlobalSection
EndGlobal
